{
  "requires": true,
  "lockfileVersion": 1,
  "dependencies": {
    "@types/chartist": {
      "version": "0.9.37",
      "resolved": "https://registry.npmjs.org/@types/chartist/-/chartist-0.9.37.tgz",
      "integrity": "sha512-dsU7epec7IbHzrMbQxGmFBEI+hzMS8LnDLiljbzl19X2+y8L6LU2OP2m9aPT8c0kYRaH8CFQ3URWso4gjUNpnQ==",
      "dev": true
    },
    "ng-chartist": {
      "version": "1.1.1",
      "resolved": "https://registry.npmjs.org/ng-chartist/-/ng-chartist-1.1.1.tgz",
      "integrity": "sha512-mU5DwboF8Rdth5OTLOamuuGyvwqfhSsXzjtkztmdLL+0YwtTzpY9PJOxljf7Ui61B+2vaLqumxjrEOWZyl0QYg=="
    }
  }
}
